
Microsoft Visual Studio Solution File, Format Version 12.00
# Visual Studio Version 16
VisualStudioVersion = 16.0.30907.101
MinimumVisualStudioVersion = 10.0.40219.1
Project("{2150E333-8FDC-42A3-9474-1A3956D46DE8}") = "src", "src", "{A0D5C88E-0FF4-4632-BDB3-866C9B577801}"
EndProject
Project("{9A19103F-16F7-4668-BE54-9A1E7A4F7556}") = "Web", "src\Web\Web.csproj", "{842282D1-446D-4B56-8E76-8B5DA099D115}"
EndProject
Project("{9A19103F-16F7-4668-BE54-9A1E7A4F7556}") = "DataCollection", "src\DataCollection\DataCollection.csproj", "{04DD13CD-947F-4782-A2A8-4EB740247F8E}"
EndProject
Project("{9A19103F-16F7-4668-BE54-9A1E7A4F7556}") = "Search", "src\Search\Search.csproj", "{13712AB0-94C4-450F-982F-A11975F84BFC}"
EndProject
Project("{2150E333-8FDC-42A3-9474-1A3956D46DE8}") = "tests", "tests", "{C93AEA08-A983-4F5E-8675-BE93A139BB1E}"
EndProject
Project("{9A19103F-16F7-4668-BE54-9A1E7A4F7556}") = "UnitTest", "tests\UnitTest\UnitTest.csproj", "{7665347D-281E-4992-A661-E41C92E7921B}"
EndProject
Project("{2150E333-8FDC-42A3-9474-1A3956D46DE8}") = "Solution Items", "Solution Items", "{1736A95B-F143-46CC-A651-A7BB7061672E}"
	ProjectSection(SolutionItems) = preProject
		.editorconfig = .editorconfig
	EndProjectSection
EndProject
Global
	GlobalSection(SolutionConfigurationPlatforms) = preSolution
		Debug|Any CPU = Debug|Any CPU
		Release|Any CPU = Release|Any CPU
	EndGlobalSection
	GlobalSection(ProjectConfigurationPlatforms) = postSolution
		{842282D1-446D-4B56-8E76-8B5DA099D115}.Debug|Any CPU.ActiveCfg = Debug|Any CPU
		{842282D1-446D-4B56-8E76-8B5DA099D115}.Debug|Any CPU.Build.0 = Debug|Any CPU
		{842282D1-446D-4B56-8E76-8B5DA099D115}.Release|Any CPU.ActiveCfg = Release|Any CPU
		{842282D1-446D-4B56-8E76-8B5DA099D115}.Release|Any CPU.Build.0 = Release|Any CPU
		{04DD13CD-947F-4782-A2A8-4EB740247F8E}.Debug|Any CPU.ActiveCfg = Debug|Any CPU
		{04DD13CD-947F-4782-A2A8-4EB740247F8E}.Debug|Any CPU.Build.0 = Debug|Any CPU
		{04DD13CD-947F-4782-A2A8-4EB740247F8E}.Release|Any CPU.ActiveCfg = Release|Any CPU
		{04DD13CD-947F-4782-A2A8-4EB740247F8E}.Release|Any CPU.Build.0 = Release|Any CPU
		{13712AB0-94C4-450F-982F-A11975F84BFC}.Debug|Any CPU.ActiveCfg = Debug|Any CPU
		{13712AB0-94C4-450F-982F-A11975F84BFC}.Debug|Any CPU.Build.0 = Debug|Any CPU
		{13712AB0-94C4-450F-982F-A11975F84BFC}.Release|Any CPU.ActiveCfg = Release|Any CPU
		{13712AB0-94C4-450F-982F-A11975F84BFC}.Release|Any CPU.Build.0 = Release|Any CPU
		{7665347D-281E-4992-A661-E41C92E7921B}.Debug|Any CPU.ActiveCfg = Debug|Any CPU
		{7665347D-281E-4992-A661-E41C92E7921B}.Debug|Any CPU.Build.0 = Debug|Any CPU
		{7665347D-281E-4992-A661-E41C92E7921B}.Release|Any CPU.ActiveCfg = Release|Any CPU
		{7665347D-281E-4992-A661-E41C92E7921B}.Release|Any CPU.Build.0 = Release|Any CPU
	EndGlobalSection
	GlobalSection(SolutionProperties) = preSolution
		HideSolutionNode = FALSE
	EndGlobalSection
	GlobalSection(NestedProjects) = preSolution
		{842282D1-446D-4B56-8E76-8B5DA099D115} = {A0D5C88E-0FF4-4632-BDB3-866C9B577801}
		{04DD13CD-947F-4782-A2A8-4EB740247F8E} = {A0D5C88E-0FF4-4632-BDB3-866C9B577801}
		{13712AB0-94C4-450F-982F-A11975F84BFC} = {A0D5C88E-0FF4-4632-BDB3-866C9B577801}
		{7665347D-281E-4992-A661-E41C92E7921B} = {C93AEA08-A983-4F5E-8675-BE93A139BB1E}
	EndGlobalSection
	GlobalSection(ExtensibilityGlobals) = postSolution
		SolutionGuid = {30672C76-DACD-4278-8D66-472128C6A927}
	EndGlobalSection
EndGlobal
